
Microsoft Visual Studio Solution File, Format Version 12.00
# Visual Studio 14
VisualStudioVersion = 14.0.25420.1
MinimumVisualStudioVersion = 10.0.40219.1
Project("{FAE04EC0-301F-11D3-BF4B-00C04F79EFBC}") = "UmbracoAzureScale", "UmbracoAzureScale\UmbracoAzureScale.csproj", "{3054FC34-E168-4B5D-978A-2273608D0621}"
EndProject
Project("{151D2E53-A2C4-4D7D-83FE-D05416EBD58E}") = "AzureResourceGroup", "AzureResourceGroup\AzureResourceGroup.deployproj", "{83AB46F3-D34C-430F-AB57-7B1D0A987C43}"
EndProject
Global
	GlobalSection(SolutionConfigurationPlatforms) = preSolution
		Debug|Any CPU = Debug|Any CPU
		Release|Any CPU = Release|Any CPU
	EndGlobalSection
	GlobalSection(ProjectConfigurationPlatforms) = postSolution
		{3054FC34-E168-4B5D-978A-2273608D0621}.Debug|Any CPU.ActiveCfg = Debug|Any CPU
		{3054FC34-E168-4B5D-978A-2273608D0621}.Debug|Any CPU.Build.0 = Debug|Any CPU
		{3054FC34-E168-4B5D-978A-2273608D0621}.Release|Any CPU.ActiveCfg = Release|Any CPU
		{3054FC34-E168-4B5D-978A-2273608D0621}.Release|Any CPU.Build.0 = Release|Any CPU
		{83AB46F3-D34C-430F-AB57-7B1D0A987C43}.Debug|Any CPU.ActiveCfg = Debug|Any CPU
		{83AB46F3-D34C-430F-AB57-7B1D0A987C43}.Debug|Any CPU.Build.0 = Debug|Any CPU
		{83AB46F3-D34C-430F-AB57-7B1D0A987C43}.Release|Any CPU.ActiveCfg = Release|Any CPU
		{83AB46F3-D34C-430F-AB57-7B1D0A987C43}.Release|Any CPU.Build.0 = Release|Any CPU
	EndGlobalSection
	GlobalSection(SolutionProperties) = preSolution
		HideSolutionNode = FALSE
	EndGlobalSection
EndGlobal
